<?xml version="1.0" encoding="utf-8"?>
<Project ToolsVersion="4.0" xmlns="http://schemas.microsoft.com/developer/msbuild/2003">
  <ItemGroup>
    <Filter Include="Yong Kiat">
      <UniqueIdentifier>{1e69e020-055c-44ec-ab12-d70ff4bbb52d}</UniqueIdentifier>
    </Filter>
    <Filter Include="Alvin">
      <UniqueIdentifier>{24975caa-e8b0-440d-91c1-1259fe32f36a}</UniqueIdentifier>
    </Filter>
    <Filter Include="Cheng Jiang">
      <UniqueIdentifier>{edea3468-5718-4fc5-b4dc-8f1aa3457d3c}</UniqueIdentifier>
    </Filter>
    <Filter Include="Kenneth">
      <UniqueIdentifier>{ab4b5520-f97c-49c1-a07e-1f943cf67bb1}</UniqueIdentifier>
    </Filter>
  </ItemGroup>
  <ItemGroup>
    <ClCompile Include="bmp.cpp" />
    <ClCompile Include="main.cpp" />
    <ClCompile Include="BurningShip.cpp">
      <Filter>Cheng Jiang</Filter>
    </ClCompile>
    <ClCompile Include="MandrelBrot.cpp">
      <Filter>Yong Kiat</Filter>
    </ClCompile>
    <ClCompile Include="SierpinskiTriangle.cpp">
      <Filter>Yong Kiat</Filter>
    </ClCompile>
    <ClCompile Include="FractalTree.cpp">
      <Filter>Cheng Jiang</Filter>
    </ClCompile>
    <ClCompile Include="Newton.cpp">
      <Filter>Alvin</Filter>
    </ClCompile>
    <ClCompile Include="Henon.cpp">
      <Filter>Alvin</Filter>
    </ClCompile>
    <ClCompile Include="BrownianTree.cpp">
      <Filter>Kenneth</Filter>
    </ClCompile>
    <ClCompile Include="SierpinskiCarpet.cpp">
      <Filter>Kenneth</Filter>
    <ClCompile Include="Ikeda.cpp">
      <Filter>Alvin</Filter>
    </ClCompile>
  </ItemGroup>
  <ItemGroup>
    <ClInclude Include="bmp.h" />
    <ClInclude Include="Common.h" />
    <ClInclude Include="BurningShip.h">
      <Filter>Cheng Jiang</Filter>
    </ClInclude>
    <ClInclude Include="MandrelBrot.h">
      <Filter>Yong Kiat</Filter>
    </ClInclude>
    <ClInclude Include="SierpinskiTriangle.h">
      <Filter>Yong Kiat</Filter>
    </ClInclude>
    <ClInclude Include="FractalTree.h">
      <Filter>Cheng Jiang</Filter>
    </ClInclude>
    <ClInclude Include="Newton.h">
      <Filter>Alvin</Filter>
    </ClInclude>
    <ClInclude Include="Henon.h">
      <Filter>Alvin</Filter>
    </ClInclude>
    <ClInclude Include="BrownianTree.h">
      <Filter>Kenneth</Filter>
    </ClInclude>
    <ClInclude Include="SierpinskiCarpet.h">
      <Filter>Kenneth</Filter>
    <ClInclude Include="Ikeda.h">
      <Filter>Alvin</Filter>
    </ClInclude>
  </ItemGroup>
  <ItemGroup>
    <CudaCompile Include="FractalTree.cu">
      <Filter>Cheng Jiang</Filter>
    </CudaCompile>
    <CudaCompile Include="BurningShip.cu">
      <Filter>Cheng Jiang</Filter>
    </CudaCompile>
    <CudaCompile Include="Newton.cu">
      <Filter>Alvin</Filter>
    </CudaCompile>
    <CudaCompile Include="Mandrelbrot.cu">
      <Filter>Yong Kiat</Filter>
    </CudaCompile>
    <CudaCompile Include="SierpinskiTriangle.cu">
      <Filter>Yong Kiat</Filter>
    </CudaCompile>
    <CudaCompile Include="BrownianKernel.cu">
      <Filter>Kenneth</Filter>
    </CudaCompile>
    <CudaCompile Include="SierpinskiCarpet.cu">
      <Filter>Kenneth</Filter>
    <CudaCompile Include="Ikeda.cu">
      <Filter>Alvin</Filter>
    </CudaCompile>
  </ItemGroup>
</Project>